<?xml version="1.0" encoding="utf-8"?>
<Project ToolsVersion="4.0" xmlns="http://schemas.microsoft.com/developer/msbuild/2003">
  <ItemGroup>
    <Filter Include="Source Files">
      <UniqueIdentifier>{4FC737F1-C7A5-4376-A066-2A32D752A2FF}</UniqueIdentifier>
      <Extensions>cpp;c;cc;cxx;c++;cppm;ixx;def;odl;idl;hpj;bat;asm;asmx</Extensions>
    </Filter>
    <Filter Include="Header Files">
      <UniqueIdentifier>{93995380-89BD-4b04-88EB-625FBE52EBFB}</UniqueIdentifier>
      <Extensions>h;hh;hpp;hxx;h++;hm;inl;inc;ipp;xsd</Extensions>
    </Filter>
    <Filter Include="Resource Files">
      <UniqueIdentifier>{67DA6AB6-F800-4c08-8B7A-83BB121AAD01}</UniqueIdentifier>
      <Extensions>rc;ico;cur;bmp;dlg;rc2;rct;bin;rgs;gif;jpg;jpeg;jpe;resx;tiff;tif;png;wav;mfcribbon-ms</Extensions>
    </Filter>
    <Filter Include="Header Files\States">
      <UniqueIdentifier>{3ef7eaf3-359a-4740-b841-3fd7285f00e6}</UniqueIdentifier>
    </Filter>
    <Filter Include="Source Files\States">
      <UniqueIdentifier>{eff22883-58eb-43a7-b966-43dbb1f7de06}</UniqueIdentifier>
    </Filter>
    <Filter Include="Header Files\Visuals">
      <UniqueIdentifier>{66e4af91-642b-4be3-95a5-e12df45367f4}</UniqueIdentifier>
    </Filter>
    <Filter Include="Source Files\Visuals">
      <UniqueIdentifier>{086ec1d4-4081-4e8f-b27b-9da927c89205}</UniqueIdentifier>
    </Filter>
  </ItemGroup>
  <ItemGroup>
    <ClCompile Include="ProjetFinal.cpp">
      <Filter>Source Files</Filter>
    </ClCompile>
    <ClCompile Include="stateMachine.cpp">
      <Filter>Source Files\States</Filter>
    </ClCompile>
    <ClCompile Include="assetManager.cpp">
      <Filter>Source Files</Filter>
    </ClCompile>
    <ClCompile Include="collision.cpp">
      <Filter>Source Files</Filter>
    </ClCompile>
    <ClCompile Include="game.cpp">
      <Filter>Source Files</Filter>
    </ClCompile>
    <ClCompile Include="inputManager.cpp">
      <Filter>Source Files</Filter>
    </ClCompile>
    <ClCompile Include="mainMenuState.cpp">
      <Filter>Source Files\States</Filter>
    </ClCompile>
    <ClCompile Include="splashState.cpp">
      <Filter>Source Files\States</Filter>
    </ClCompile>
    <ClCompile Include="gameState.cpp">
      <Filter>Source Files\States</Filter>
    </ClCompile>
    <ClCompile Include="mainCharacter.cpp">
      <Filter>Source Files\Visuals</Filter>
    </ClCompile>
    <ClCompile Include="entity.cpp">
      <Filter>Source Files\Visuals</Filter>
    </ClCompile>
    <ClCompile Include="hearts.cpp">
      <Filter>Source Files\Visuals</Filter>
    </ClCompile>
    <ClCompile Include="mainWalls.cpp">
      <Filter>Source Files\Visuals</Filter>
    </ClCompile>
    <ClCompile Include="hud.cpp">
      <Filter>Source Files\Visuals</Filter>
    </ClCompile>
    <ClCompile Include="gameOverState.cpp">
      <Filter>Source Files\States</Filter>
    </ClCompile>
  </ItemGroup>
  <ItemGroup>
    <ClInclude Include="assetManager.h">
      <Filter>Header Files</Filter>
    </ClInclude>
    <ClInclude Include="collision.h">
      <Filter>Header Files</Filter>
    </ClInclude>
    <ClInclude Include="DEFINITIONS.hpp">
      <Filter>Header Files</Filter>
    </ClInclude>
    <ClInclude Include="game.h">
      <Filter>Header Files</Filter>
    </ClInclude>
    <ClInclude Include="inputManager.h">
      <Filter>Header Files</Filter>
    </ClInclude>
    <ClInclude Include="state.hpp">
      <Filter>Header Files\States</Filter>
    </ClInclude>
    <ClInclude Include="stateMachine.h">
      <Filter>Header Files\States</Filter>
    </ClInclude>
    <ClInclude Include="mainMenuState.h">
      <Filter>Header Files\States</Filter>
    </ClInclude>
    <ClInclude Include="splashState.h">
      <Filter>Header Files\States</Filter>
    </ClInclude>
    <ClInclude Include="gameState.h">
      <Filter>Header Files\States</Filter>
    </ClInclude>
    <ClInclude Include="mainCharacter.h">
      <Filter>Header Files\Visuals</Filter>
    </ClInclude>
    <ClInclude Include="entity.h">
      <Filter>Header Files\Visuals</Filter>
    </ClInclude>
    <ClInclude Include="hud.h">
      <Filter>Header Files\Visuals</Filter>
    </ClInclude>
    <ClInclude Include="gameOverState.h">
      <Filter>Header Files\States</Filter>
    </ClInclude>
    <ClInclude Include="hearts.h">
      <Filter>Header Files\Visuals</Filter>
    </ClInclude>
    <ClInclude Include="mainWalls.h">
      <Filter>Header Files\Visuals</Filter>
    </ClInclude>
  </ItemGroup>
</Project>