<?xml version="1.0" encoding="utf-8"?>
<Project ToolsVersion="4.0" xmlns="http://schemas.microsoft.com/developer/msbuild/2003">
  <ItemGroup>
    <ClCompile Include="assetManager.cpp">
      <Filter>Source</Filter>
    </ClCompile>
    <ClCompile Include="collision.cpp">
      <Filter>Source</Filter>
    </ClCompile>
    <ClCompile Include="door.cpp">
      <Filter>Source</Filter>
    </ClCompile>
    <ClCompile Include="entity.cpp">
      <Filter>Source</Filter>
    </ClCompile>
    <ClCompile Include="game.cpp">
      <Filter>Source</Filter>
    </ClCompile>
    <ClCompile Include="gameOverState.cpp">
      <Filter>Source</Filter>
    </ClCompile>
    <ClCompile Include="gameState.cpp">
      <Filter>Source</Filter>
    </ClCompile>
    <ClCompile Include="gardeEnemy.cpp">
      <Filter>Source</Filter>
    </ClCompile>
    <ClCompile Include="hearts.cpp">
      <Filter>Source</Filter>
    </ClCompile>
    <ClCompile Include="hud.cpp">
      <Filter>Source</Filter>
    </ClCompile>
    <ClCompile Include="inputManager.cpp">
      <Filter>Source</Filter>
    </ClCompile>
    <ClCompile Include="loadingState.cpp">
      <Filter>Source</Filter>
    </ClCompile>
    <ClCompile Include="mainCharacter.cpp">
      <Filter>Source</Filter>
    </ClCompile>
    <ClCompile Include="mainMenuState.cpp">
      <Filter>Source</Filter>
    </ClCompile>
    <ClCompile Include="mainWalls.cpp">
      <Filter>Source</Filter>
    </ClCompile>
    <ClCompile Include="ProjetFinal.cpp">
      <Filter>Source</Filter>
    </ClCompile>
    <ClCompile Include="shopOwner.cpp">
      <Filter>Source</Filter>
    </ClCompile>
    <ClCompile Include="shopState.cpp">
      <Filter>Source</Filter>
    </ClCompile>
    <ClCompile Include="splashState.cpp">
      <Filter>Source</Filter>
    </ClCompile>
    <ClCompile Include="stateMachine.cpp">
      <Filter>Source</Filter>
    </ClCompile>
  </ItemGroup>
  <ItemGroup>
    <ClInclude Include="assetManager.h" />
    <ClInclude Include="collision.h" />
    <ClInclude Include="DEFINITIONS.hpp" />
    <ClInclude Include="door.h" />
    <ClInclude Include="gardeEnemy.h" />
    <ClInclude Include="entity.h" />
    <ClInclude Include="game.h" />
    <ClInclude Include="gameOverState.h" />
    <ClInclude Include="gameState.h" />
    <ClInclude Include="hearts.h" />
    <ClInclude Include="hud.h" />
    <ClInclude Include="inputManager.h" />
    <ClInclude Include="mainCharacter.h" />
    <ClInclude Include="mainMenuState.h" />
    <ClInclude Include="mainWalls.h" />
    <ClInclude Include="splashState.h" />
    <ClInclude Include="state.hpp" />
    <ClInclude Include="stateMachine.h" />
    <ClInclude Include="loadingState.h" />
    <ClInclude Include="shopOwner.h" />
    <ClInclude Include="shopState.h" />
  </ItemGroup>
  <ItemGroup>
    <Filter Include="Source">
      <UniqueIdentifier>{5a82cdec-f609-45ea-9e3b-f8bfe068ff11}</UniqueIdentifier>
    </Filter>
  </ItemGroup>
</Project>